
Microsoft Visual Studio Solution File, Format Version 12.00
# Visual Studio Version 17
VisualStudioVersion = 17.0.31903.59
MinimumVisualStudioVersion = 10.0.40219.1
Project("{FAE04EC0-301F-11D3-BF4B-00C04F79EFBC}") = "CrazyRisk.Shared", "CrazyRisk.Shared\CrazyRisk.Shared.csproj", "{AEE16DCD-DC22-446F-8F95-58DBFDC2F796}"
EndProject
Project("{FAE04EC0-301F-11D3-BF4B-00C04F79EFBC}") = "CrazyRisk.Server", "CrazyRisk.Server\CrazyRisk.Server.csproj", "{0C6F2306-E3D8-455D-8369-BF054996D807}"
EndProject
Project("{FAE04EC0-301F-11D3-BF4B-00C04F79EFBC}") = "CrazyRisk.Client", "CrazyRisk.Client\CrazyRisk.Client.csproj", "{E3AA4439-19E6-48B2-8B34-3920F0D3F3A3}"
EndProject
Global
	GlobalSection(SolutionConfigurationPlatforms) = preSolution
		Debug|Any CPU = Debug|Any CPU
		Debug|x64 = Debug|x64
		Debug|x86 = Debug|x86
		Release|Any CPU = Release|Any CPU
		Release|x64 = Release|x64
		Release|x86 = Release|x86
	EndGlobalSection
	GlobalSection(ProjectConfigurationPlatforms) = postSolution
		{AEE16DCD-DC22-446F-8F95-58DBFDC2F796}.Debug|Any CPU.ActiveCfg = Debug|Any CPU
		{AEE16DCD-DC22-446F-8F95-58DBFDC2F796}.Debug|Any CPU.Build.0 = Debug|Any CPU
		{AEE16DCD-DC22-446F-8F95-58DBFDC2F796}.Debug|x64.ActiveCfg = Debug|Any CPU
		{AEE16DCD-DC22-446F-8F95-58DBFDC2F796}.Debug|x64.Build.0 = Debug|Any CPU
		{AEE16DCD-DC22-446F-8F95-58DBFDC2F796}.Debug|x86.ActiveCfg = Debug|Any CPU
		{AEE16DCD-DC22-446F-8F95-58DBFDC2F796}.Debug|x86.Build.0 = Debug|Any CPU
		{AEE16DCD-DC22-446F-8F95-58DBFDC2F796}.Release|Any CPU.ActiveCfg = Release|Any CPU
		{AEE16DCD-DC22-446F-8F95-58DBFDC2F796}.Release|Any CPU.Build.0 = Release|Any CPU
		{AEE16DCD-DC22-446F-8F95-58DBFDC2F796}.Release|x64.ActiveCfg = Release|Any CPU
		{AEE16DCD-DC22-446F-8F95-58DBFDC2F796}.Release|x64.Build.0 = Release|Any CPU
		{AEE16DCD-DC22-446F-8F95-58DBFDC2F796}.Release|x86.ActiveCfg = Release|Any CPU
		{AEE16DCD-DC22-446F-8F95-58DBFDC2F796}.Release|x86.Build.0 = Release|Any CPU
		{0C6F2306-E3D8-455D-8369-BF054996D807}.Debug|Any CPU.ActiveCfg = Debug|Any CPU
		{0C6F2306-E3D8-455D-8369-BF054996D807}.Debug|Any CPU.Build.0 = Debug|Any CPU
		{0C6F2306-E3D8-455D-8369-BF054996D807}.Debug|x64.ActiveCfg = Debug|Any CPU
		{0C6F2306-E3D8-455D-8369-BF054996D807}.Debug|x64.Build.0 = Debug|Any CPU
		{0C6F2306-E3D8-455D-8369-BF054996D807}.Debug|x86.ActiveCfg = Debug|Any CPU
		{0C6F2306-E3D8-455D-8369-BF054996D807}.Debug|x86.Build.0 = Debug|Any CPU
		{0C6F2306-E3D8-455D-8369-BF054996D807}.Release|Any CPU.ActiveCfg = Release|Any CPU
		{0C6F2306-E3D8-455D-8369-BF054996D807}.Release|Any CPU.Build.0 = Release|Any CPU
		{0C6F2306-E3D8-455D-8369-BF054996D807}.Release|x64.ActiveCfg = Release|Any CPU
		{0C6F2306-E3D8-455D-8369-BF054996D807}.Release|x64.Build.0 = Release|Any CPU
		{0C6F2306-E3D8-455D-8369-BF054996D807}.Release|x86.ActiveCfg = Release|Any CPU
		{0C6F2306-E3D8-455D-8369-BF054996D807}.Release|x86.Build.0 = Release|Any CPU
		{E3AA4439-19E6-48B2-8B34-3920F0D3F3A3}.Debug|Any CPU.ActiveCfg = Debug|Any CPU
		{E3AA4439-19E6-48B2-8B34-3920F0D3F3A3}.Debug|Any CPU.Build.0 = Debug|Any CPU
		{E3AA4439-19E6-48B2-8B34-3920F0D3F3A3}.Debug|x64.ActiveCfg = Debug|Any CPU
		{E3AA4439-19E6-48B2-8B34-3920F0D3F3A3}.Debug|x64.Build.0 = Debug|Any CPU
		{E3AA4439-19E6-48B2-8B34-3920F0D3F3A3}.Debug|x86.ActiveCfg = Debug|Any CPU
		{E3AA4439-19E6-48B2-8B34-3920F0D3F3A3}.Debug|x86.Build.0 = Debug|Any CPU
		{E3AA4439-19E6-48B2-8B34-3920F0D3F3A3}.Release|Any CPU.ActiveCfg = Release|Any CPU
		{E3AA4439-19E6-48B2-8B34-3920F0D3F3A3}.Release|Any CPU.Build.0 = Release|Any CPU
		{E3AA4439-19E6-48B2-8B34-3920F0D3F3A3}.Release|x64.ActiveCfg = Release|Any CPU
		{E3AA4439-19E6-48B2-8B34-3920F0D3F3A3}.Release|x64.Build.0 = Release|Any CPU
		{E3AA4439-19E6-48B2-8B34-3920F0D3F3A3}.Release|x86.ActiveCfg = Release|Any CPU
		{E3AA4439-19E6-48B2-8B34-3920F0D3F3A3}.Release|x86.Build.0 = Release|Any CPU
	EndGlobalSection
	GlobalSection(SolutionProperties) = preSolution
		HideSolutionNode = FALSE
	EndGlobalSection
EndGlobal
